
Microsoft Visual Studio Solution File, Format Version 12.00
# Visual Studio Version 16
VisualStudioVersion = 16.0.31702.278
MinimumVisualStudioVersion = 10.0.40219.1
Project("{8BC9CEB8-8B4A-11D0-8D11-00A0C91BC942}") = "rzctl-dll", "rzctl-dll\rzctl-dll.vcxproj", "{B9240EA1-F940-4E00-A0DD-7C1FF494E8AE}"
EndProject
Project("{8BC9CEB8-8B4A-11D0-8D11-00A0C91BC942}") = "rzctl-test", "rzctl-test\rzctl-test.vcxproj", "{E392D14E-0C7B-4728-B9FF-BFDD223658F8}"
EndProject
Global
	GlobalSection(SolutionConfigurationPlatforms) = preSolution
		Debug|x64 = Debug|x64
		Debug|x86 = Debug|x86
		Release|x64 = Release|x64
		Release|x86 = Release|x86
	EndGlobalSection
	GlobalSection(ProjectConfigurationPlatforms) = postSolution
		{B9240EA1-F940-4E00-A0DD-7C1FF494E8AE}.Debug|x64.ActiveCfg = Debug|x64
		{B9240EA1-F940-4E00-A0DD-7C1FF494E8AE}.Debug|x64.Build.0 = Debug|x64
		{B9240EA1-F940-4E00-A0DD-7C1FF494E8AE}.Debug|x86.ActiveCfg = Debug|Win32
		{B9240EA1-F940-4E00-A0DD-7C1FF494E8AE}.Debug|x86.Build.0 = Debug|Win32
		{B9240EA1-F940-4E00-A0DD-7C1FF494E8AE}.Release|x64.ActiveCfg = Release|x64
		{B9240EA1-F940-4E00-A0DD-7C1FF494E8AE}.Release|x64.Build.0 = Release|x64
		{B9240EA1-F940-4E00-A0DD-7C1FF494E8AE}.Release|x86.ActiveCfg = Release|Win32
		{B9240EA1-F940-4E00-A0DD-7C1FF494E8AE}.Release|x86.Build.0 = Release|Win32
		{E392D14E-0C7B-4728-B9FF-BFDD223658F8}.Debug|x64.ActiveCfg = Debug|x64
		{E392D14E-0C7B-4728-B9FF-BFDD223658F8}.Debug|x64.Build.0 = Debug|x64
		{E392D14E-0C7B-4728-B9FF-BFDD223658F8}.Debug|x86.ActiveCfg = Debug|Win32
		{E392D14E-0C7B-4728-B9FF-BFDD223658F8}.Debug|x86.Build.0 = Debug|Win32
		{E392D14E-0C7B-4728-B9FF-BFDD223658F8}.Release|x64.ActiveCfg = Release|x64
		{E392D14E-0C7B-4728-B9FF-BFDD223658F8}.Release|x64.Build.0 = Release|x64
		{E392D14E-0C7B-4728-B9FF-BFDD223658F8}.Release|x86.ActiveCfg = Release|Win32
		{E392D14E-0C7B-4728-B9FF-BFDD223658F8}.Release|x86.Build.0 = Release|Win32
	EndGlobalSection
	GlobalSection(SolutionProperties) = preSolution
		HideSolutionNode = FALSE
	EndGlobalSection
	GlobalSection(ExtensibilityGlobals) = postSolution
		SolutionGuid = {C98C045B-9D2E-4BB0-BEA8-F3E9C2338508}
	EndGlobalSection
EndGlobal
